
Microsoft Visual Studio Solution File, Format Version 12.00
# Visual Studio Version 17
VisualStudioVersion = 17.11.35431.28
MinimumVisualStudioVersion = 10.0.40219.1
Project("{9A19103F-16F7-4668-BE54-9A1E7A4F7556}") = "libomtnet", "libomtnet.csproj", "{4103721D-84E5-4037-B682-4FCF14AFEEDA}"
EndProject
Global
	GlobalSection(SolutionConfigurationPlatforms) = preSolution
		Debug|Any CPU = Debug|Any CPU
		Release|Any CPU = Release|Any CPU
	EndGlobalSection
	GlobalSection(ProjectConfigurationPlatforms) = postSolution
		{4103721D-84E5-4037-B682-4FCF14AFEEDA}.Debug|Any CPU.ActiveCfg = Debug|Any CPU
		{4103721D-84E5-4037-B682-4FCF14AFEEDA}.Debug|Any CPU.Build.0 = Debug|Any CPU
		{4103721D-84E5-4037-B682-4FCF14AFEEDA}.Release|Any CPU.ActiveCfg = Release|Any CPU
		{4103721D-84E5-4037-B682-4FCF14AFEEDA}.Release|Any CPU.Build.0 = Release|Any CPU
	EndGlobalSection
	GlobalSection(SolutionProperties) = preSolution
		HideSolutionNode = FALSE
	EndGlobalSection
	GlobalSection(ExtensibilityGlobals) = postSolution
		SolutionGuid = {3BF6FC38-ECEA-48A0-8F36-0921E8C0D0CA}
	EndGlobalSection
EndGlobal
